
Microsoft Visual Studio Solution File, Format Version 12.00
# Visual Studio 2012
Project("{FAE04EC0-301F-11D3-BF4B-00C04F79EFBC}") = "OldFeaturesAndTests", "OldFeaturesAndTests\OldFeaturesAndTests.csproj", "{502035B7-DA86-4BC7-8B8D-D2A27F83DA6D}"
EndProject
Global
	GlobalSection(SolutionConfigurationPlatforms) = preSolution
		Debug|Any CPU = Debug|Any CPU
		Release|Any CPU = Release|Any CPU
	EndGlobalSection
	GlobalSection(ProjectConfigurationPlatforms) = postSolution
		{502035B7-DA86-4BC7-8B8D-D2A27F83DA6D}.Debug|Any CPU.ActiveCfg = Debug|Any CPU
		{502035B7-DA86-4BC7-8B8D-D2A27F83DA6D}.Debug|Any CPU.Build.0 = Debug|Any CPU
		{502035B7-DA86-4BC7-8B8D-D2A27F83DA6D}.Release|Any CPU.ActiveCfg = Release|Any CPU
		{502035B7-DA86-4BC7-8B8D-D2A27F83DA6D}.Release|Any CPU.Build.0 = Release|Any CPU
	EndGlobalSection
	GlobalSection(SolutionProperties) = preSolution
		HideSolutionNode = FALSE
	EndGlobalSection
EndGlobal
